
Microsoft Visual Studio Solution File, Format Version 12.00
# Visual Studio 14
VisualStudioVersion = 14.0.23107.0
MinimumVisualStudioVersion = 10.0.40219.1
Project("{FAE04EC0-301F-11D3-BF4B-00C04F79EFBC}") = "TrueAccountPro", "TrueAccountPro\TrueAccountPro.csproj", "{53BBDFC1-F179-477A-AEB9-ACFEC8744BD3}"
EndProject
Project("{FAE04EC0-301F-11D3-BF4B-00C04F79EFBC}") = "DAL", "DAL\DAL.csproj", "{5405CD59-54A7-4845-A049-1CDF925E07F1}"
EndProject
Project("{FAE04EC0-301F-11D3-BF4B-00C04F79EFBC}") = "BLL", "BLL\BLL.csproj", "{B87CCBEE-EE05-49AC-A05D-A1E994CAD0D9}"
EndProject
Project("{FAE04EC0-301F-11D3-BF4B-00C04F79EFBC}") = "BEL", "BAL\BEL.csproj", "{FCE09206-8841-49E4-9ABB-A0BBD2B86741}"
EndProject
Global
	GlobalSection(SolutionConfigurationPlatforms) = preSolution
		Debug|Any CPU = Debug|Any CPU
		Debug|x86 = Debug|x86
		Release|Any CPU = Release|Any CPU
		Release|x86 = Release|x86
	EndGlobalSection
	GlobalSection(ProjectConfigurationPlatforms) = postSolution
		{53BBDFC1-F179-477A-AEB9-ACFEC8744BD3}.Debug|Any CPU.ActiveCfg = Debug|x86
		{53BBDFC1-F179-477A-AEB9-ACFEC8744BD3}.Debug|Any CPU.Build.0 = Debug|x86
		{53BBDFC1-F179-477A-AEB9-ACFEC8744BD3}.Debug|x86.ActiveCfg = Debug|x86
		{53BBDFC1-F179-477A-AEB9-ACFEC8744BD3}.Debug|x86.Build.0 = Debug|x86
		{53BBDFC1-F179-477A-AEB9-ACFEC8744BD3}.Release|Any CPU.ActiveCfg = Release|x86
		{53BBDFC1-F179-477A-AEB9-ACFEC8744BD3}.Release|x86.ActiveCfg = Release|x86
		{53BBDFC1-F179-477A-AEB9-ACFEC8744BD3}.Release|x86.Build.0 = Release|x86
		{5405CD59-54A7-4845-A049-1CDF925E07F1}.Debug|Any CPU.ActiveCfg = Debug|Any CPU
		{5405CD59-54A7-4845-A049-1CDF925E07F1}.Debug|Any CPU.Build.0 = Debug|Any CPU
		{5405CD59-54A7-4845-A049-1CDF925E07F1}.Debug|x86.ActiveCfg = Debug|Any CPU
		{5405CD59-54A7-4845-A049-1CDF925E07F1}.Debug|x86.Build.0 = Debug|Any CPU
		{5405CD59-54A7-4845-A049-1CDF925E07F1}.Release|Any CPU.ActiveCfg = Release|Any CPU
		{5405CD59-54A7-4845-A049-1CDF925E07F1}.Release|Any CPU.Build.0 = Release|Any CPU
		{5405CD59-54A7-4845-A049-1CDF925E07F1}.Release|x86.ActiveCfg = Release|Any CPU
		{5405CD59-54A7-4845-A049-1CDF925E07F1}.Release|x86.Build.0 = Release|Any CPU
		{B87CCBEE-EE05-49AC-A05D-A1E994CAD0D9}.Debug|Any CPU.ActiveCfg = Debug|Any CPU
		{B87CCBEE-EE05-49AC-A05D-A1E994CAD0D9}.Debug|Any CPU.Build.0 = Debug|Any CPU
		{B87CCBEE-EE05-49AC-A05D-A1E994CAD0D9}.Debug|x86.ActiveCfg = Debug|Any CPU
		{B87CCBEE-EE05-49AC-A05D-A1E994CAD0D9}.Debug|x86.Build.0 = Debug|Any CPU
		{B87CCBEE-EE05-49AC-A05D-A1E994CAD0D9}.Release|Any CPU.ActiveCfg = Release|Any CPU
		{B87CCBEE-EE05-49AC-A05D-A1E994CAD0D9}.Release|Any CPU.Build.0 = Release|Any CPU
		{B87CCBEE-EE05-49AC-A05D-A1E994CAD0D9}.Release|x86.ActiveCfg = Release|Any CPU
		{B87CCBEE-EE05-49AC-A05D-A1E994CAD0D9}.Release|x86.Build.0 = Release|Any CPU
		{FCE09206-8841-49E4-9ABB-A0BBD2B86741}.Debug|Any CPU.ActiveCfg = Debug|Any CPU
		{FCE09206-8841-49E4-9ABB-A0BBD2B86741}.Debug|Any CPU.Build.0 = Debug|Any CPU
		{FCE09206-8841-49E4-9ABB-A0BBD2B86741}.Debug|x86.ActiveCfg = Debug|Any CPU
		{FCE09206-8841-49E4-9ABB-A0BBD2B86741}.Debug|x86.Build.0 = Debug|Any CPU
		{FCE09206-8841-49E4-9ABB-A0BBD2B86741}.Release|Any CPU.ActiveCfg = Release|Any CPU
		{FCE09206-8841-49E4-9ABB-A0BBD2B86741}.Release|Any CPU.Build.0 = Release|Any CPU
		{FCE09206-8841-49E4-9ABB-A0BBD2B86741}.Release|x86.ActiveCfg = Release|Any CPU
		{FCE09206-8841-49E4-9ABB-A0BBD2B86741}.Release|x86.Build.0 = Release|Any CPU
	EndGlobalSection
	GlobalSection(SolutionProperties) = preSolution
		HideSolutionNode = FALSE
	EndGlobalSection
EndGlobal
